// !$*UTF8*$!
{
	archiveVersion = 1;
	classes = {
	};
	objectVersion = 50;
	objects = {

/* Begin PBXBuildFile section */
		152FA06A246B368D0082D8DE /* AppDelegate.swift in Sources */ = {isa = PBXBuildFile; fileRef = 152FA069246B368D0082D8DE /* AppDelegate.swift */; };
		152FA06C246B368E0082D8DE /* SceneDelegate.swift in Sources */ = {isa = PBXBuildFile; fileRef = 152FA06B246B368E0082D8DE /* SceneDelegate.swift */; };
		152FA06E246B368E0082D8DE /* ContentView.swift in Sources */ = {isa = PBXBuildFile; fileRef = 152FA06D246B368E0082D8DE /* ContentView.swift */; };
		152FA070246B36910082D8DE /* Assets.xcassets in Resources */ = {isa = PBXBuildFile; fileRef = 152FA06F246B36910082D8DE /* Assets.xcassets */; };
		152FA073246B36910082D8DE /* Preview Assets.xcassets in Resources */ = {isa = PBXBuildFile; fileRef = 152FA072246B36910082D8DE /* Preview Assets.xcassets */; };
		152FA076246B36920082D8DE /* LaunchScreen.storyboard in Resources */ = {isa = PBXBuildFile; fileRef = 152FA074246B36920082D8DE /* LaunchScreen.storyboard */; };
		152FA09D246CC23B0082D8DE /* Chapter.swift in Sources */ = {isa = PBXBuildFile; fileRef = 152FA09C246CC23B0082D8DE /* Chapter.swift */; };
/* End PBXBuildFile section */

/* Begin PBXContainerItemProxy section */
		152FA07D246B36920082D8DE /* PBXContainerItemProxy */ = {
			isa = PBXContainerItemProxy;
			containerPortal = 152FA05E246B368D0082D8DE /* Project object */;
			proxyType = 1;
			remoteGlobalIDString = 152FA065246B368D0082D8DE;
			remoteInfo = SwiftCamera;
		};
		152FA088246B36920082D8DE /* PBXContainerItemProxy */ = {
			isa = PBXContainerItemProxy;
			containerPortal = 152FA05E246B368D0082D8DE /* Project object */;
			proxyType = 1;
			remoteGlobalIDString = 152FA065246B368D0082D8DE;
			remoteInfo = SwiftCamera;
		};
/* End PBXContainerItemProxy section */

/* Begin PBXFileReference section */
		152FA066246B368D0082D8DE /* SwiftCamera.app */ = {isa = PBXFileReference; explicitFileType = wrapper.application; includeInIndex = 0; path = SwiftCamera.app; sourceTree = BUILT_PRODUCTS_DIR; };
		152FA069246B368D0082D8DE /* AppDelegate.swift */ = {isa = PBXFileReference; lastKnownFileType = sourcecode.swift; path = AppDelegate.swift; sourceTree = "<group>"; };
		152FA06B246B368E0082D8DE /* SceneDelegate.swift */ = {isa = PBXFileReference; lastKnownFileType = sourcecode.swift; path = SceneDelegate.swift; sourceTree = "<group>"; };
		152FA06D246B368E0082D8DE /* ContentView.swift */ = {isa = PBXFileReference; lastKnownFileType = sourcecode.swift; path = ContentView.swift; sourceTree = "<group>"; };
		152FA06F246B36910082D8DE /* Assets.xcassets */ = {isa = PBXFileReference; lastKnownFileType = folder.assetcatalog; path = Assets.xcassets; sourceTree = "<group>"; };
		152FA072246B36910082D8DE /* Preview Assets.xcassets */ = {isa = PBXFileReference; lastKnownFileType = folder.assetcatalog; path = "Preview Assets.xcassets"; sourceTree = "<group>"; };
		152FA075246B36920082D8DE /* Base */ = {isa = PBXFileReference; lastKnownFileType = file.storyboard; name = Base; path = Base.lproj/LaunchScreen.storyboard; sourceTree = "<group>"; };
		152FA077246B36920082D8DE /* Info.plist */ = {isa = PBXFileReference; lastKnownFileType = text.plist.xml; path = Info.plist; sourceTree = "<group>"; };
		152FA07C246B36920082D8DE /* SwiftCameraTests.xctest */ = {isa = PBXFileReference; explicitFileType = wrapper.cfbundle; includeInIndex = 0; path = SwiftCameraTests.xctest; sourceTree = BUILT_PRODUCTS_DIR; };
		152FA087246B36920082D8DE /* SwiftCameraUITests.xctest */ = {isa = PBXFileReference; explicitFileType = wrapper.cfbundle; includeInIndex = 0; path = SwiftCameraUITests.xctest; sourceTree = BUILT_PRODUCTS_DIR; };
		152FA09C246CC23B0082D8DE /* Chapter.swift */ = {isa = PBXFileReference; lastKnownFileType = sourcecode.swift; path = Chapter.swift; sourceTree = "<group>"; };
/* End PBXFileReference section */

/* Begin PBXFrameworksBuildPhase section */
		152FA063246B368D0082D8DE /* Frameworks */ = {
			isa = PBXFrameworksBuildPhase;
			buildActionMask = 2147483647;
			files = (
			);
			runOnlyForDeploymentPostprocessing = 0;
		};
		152FA079246B36920082D8DE /* Frameworks */ = {
			isa = PBXFrameworksBuildPhase;
			buildActionMask = 2147483647;
			files = (
			);
			runOnlyForDeploymentPostprocessing = 0;
		};
		152FA084246B36920082D8DE /* Frameworks */ = {
			isa = PBXFrameworksBuildPhase;
			buildActionMask = 2147483647;
			files = (
			);
			runOnlyForDeploymentPostprocessing = 0;
		};
/* End PBXFrameworksBuildPhase section */

/* Begin PBXGroup section */
		152FA05D246B368D0082D8DE = {
			isa = PBXGroup;
			children = (
				152FA068246B368D0082D8DE /* SwiftCamera */,
				152FA067246B368D0082D8DE /* Products */,
			);
			sourceTree = "<group>";
		};
		152FA067246B368D0082D8DE /* Products */ = {
			isa = PBXGroup;
			children = (
				152FA066246B368D0082D8DE /* SwiftCamera.app */,
				152FA07C246B36920082D8DE /* SwiftCameraTests.xctest */,
				152FA087246B36920082D8DE /* SwiftCameraUITests.xctest */,
			);
			name = Products;
			sourceTree = "<group>";
		};
		152FA068246B368D0082D8DE /* SwiftCamera */ = {
			isa = PBXGroup;
			children = (
				152FA09B246CC1E90082D8DE /* View */,
				152FA09A246CC1DD0082D8DE /* Model */,
				152FA069246B368D0082D8DE /* AppDelegate.swift */,
				152FA077246B36920082D8DE /* Info.plist */,
			);
			path = SwiftCamera;
			sourceTree = "<group>";
		};
		152FA071246B36910082D8DE /* Preview Content */ = {
			isa = PBXGroup;
			children = (
				152FA072246B36910082D8DE /* Preview Assets.xcassets */,
			);
			path = "Preview Content";
			sourceTree = "<group>";
		};
		152FA099246CC1D60082D8DE /* Scene */ = {
			isa = PBXGroup;
			children = (
				152FA06D246B368E0082D8DE /* ContentView.swift */,
				152FA06B246B368E0082D8DE /* SceneDelegate.swift */,
			);
			path = Scene;
			sourceTree = "<group>";
		};
		152FA09A246CC1DD0082D8DE /* Model */ = {
			isa = PBXGroup;
			children = (
				152FA09C246CC23B0082D8DE /* Chapter.swift */,
			);
			path = Model;
			sourceTree = "<group>";
		};
		152FA09B246CC1E90082D8DE /* View */ = {
			isa = PBXGroup;
			children = (
				152FA074246B36920082D8DE /* LaunchScreen.storyboard */,
				152FA06F246B36910082D8DE /* Assets.xcassets */,
				152FA071246B36910082D8DE /* Preview Content */,
				152FA099246CC1D60082D8DE /* Scene */,
			);
			path = View;
			sourceTree = "<group>";
		};
/* End PBXGroup section */

/* Begin PBXNativeTarget section */
		152FA065246B368D0082D8DE /* SwiftCamera */ = {
			isa = PBXNativeTarget;
			buildConfigurationList = 152FA090246B36920082D8DE /* Build configuration list for PBXNativeTarget "SwiftCamera" */;
			buildPhases = (
				152FA062246B368D0082D8DE /* Sources */,
				152FA063246B368D0082D8DE /* Frameworks */,
				152FA064246B368D0082D8DE /* Resources */,
			);
			buildRules = (
			);
			dependencies = (
			);
			name = SwiftCamera;
			productName = SwiftCamera;
			productReference = 152FA066246B368D0082D8DE /* SwiftCamera.app */;
			productType = "com.apple.product-type.application";
		};
		152FA07B246B36920082D8DE /* SwiftCameraTests */ = {
			isa = PBXNativeTarget;
			buildConfigurationList = 152FA093246B36920082D8DE /* Build configuration list for PBXNativeTarget "SwiftCameraTests" */;
			buildPhases = (
				152FA078246B36920082D8DE /* Sources */,
				152FA079246B36920082D8DE /* Frameworks */,
				152FA07A246B36920082D8DE /* Resources */,
			);
			buildRules = (
			);
			dependencies = (
				152FA07E246B36920082D8DE /* PBXTargetDependency */,
			);
			name = SwiftCameraTests;
			productName = SwiftCameraTests;
			productReference = 152FA07C246B36920082D8DE /* SwiftCameraTests.xctest */;
			productType = "com.apple.product-type.bundle.unit-test";
		};
		152FA086246B36920082D8DE /* SwiftCameraUITests */ = {
			isa = PBXNativeTarget;
			buildConfigurationList = 152FA096246B36920082D8DE /* Build configuration list for PBXNativeTarget "SwiftCameraUITests" */;
			buildPhases = (
				152FA083246B36920082D8DE /* Sources */,
				152FA084246B36920082D8DE /* Frameworks */,
				152FA085246B36920082D8DE /* Resources */,
			);
			buildRules = (
			);
			dependencies = (
				152FA089246B36920082D8DE /* PBXTargetDependency */,
			);
			name = SwiftCameraUITests;
			productName = SwiftCameraUITests;
			productReference = 152FA087246B36920082D8DE /* SwiftCameraUITests.xctest */;
			productType = "com.apple.product-type.bundle.ui-testing";
		};
/* End PBXNativeTarget section */

/* Begin PBXProject section */
		152FA05E246B368D0082D8DE /* Project object */ = {
			isa = PBXProject;
			attributes = {
				LastSwiftUpdateCheck = 1140;
				LastUpgradeCheck = 1140;
				ORGANIZATIONNAME = "Julia Rocha";
				TargetAttributes = {
					152FA065246B368D0082D8DE = {
						CreatedOnToolsVersion = 11.4.1;
					};
					152FA07B246B36920082D8DE = {
						CreatedOnToolsVersion = 11.4.1;
						TestTargetID = 152FA065246B368D0082D8DE;
					};
					152FA086246B36920082D8DE = {
						CreatedOnToolsVersion = 11.4.1;
						TestTargetID = 152FA065246B368D0082D8DE;
					};
				};
			};
			buildConfigurationList = 152FA061246B368D0082D8DE /* Build configuration list for PBXProject "SwiftCamera" */;
			compatibilityVersion = "Xcode 9.3";
			developmentRegion = en;
			hasScannedForEncodings = 0;
			knownRegions = (
				en,
				Base,
			);
			mainGroup = 152FA05D246B368D0082D8DE;
			productRefGroup = 152FA067246B368D0082D8DE /* Products */;
			projectDirPath = "";
			projectRoot = "";
			targets = (
				152FA065246B368D0082D8DE /* SwiftCamera */,
				152FA07B246B36920082D8DE /* SwiftCameraTests */,
				152FA086246B36920082D8DE /* SwiftCameraUITests */,
			);
		};
/* End PBXProject section */

/* Begin PBXResourcesBuildPhase section */
		152FA064246B368D0082D8DE /* Resources */ = {
			isa = PBXResourcesBuildPhase;
			buildActionMask = 2147483647;
			files = (
				152FA076246B36920082D8DE /* LaunchScreen.storyboard in Resources */,
				152FA073246B36910082D8DE /* Preview Assets.xcassets in Resources */,
				152FA070246B36910082D8DE /* Assets.xcassets in Resources */,
			);
			runOnlyForDeploymentPostprocessing = 0;
		};
		152FA07A246B36920082D8DE /* Resources */ = {
			isa = PBXResourcesBuildPhase;
			buildActionMask = 2147483647;
			files = (
			);
			runOnlyForDeploymentPostprocessing = 0;
		};
		152FA085246B36920082D8DE /* Resources */ = {
			isa = PBXResourcesBuildPhase;
			buildActionMask = 2147483647;
			files = (
			);
			runOnlyForDeploymentPostprocessing = 0;
		};
/* End PBXResourcesBuildPhase section */

/* Begin PBXSourcesBuildPhase section */
		152FA062246B368D0082D8DE /* Sources */ = {
			isa = PBXSourcesBuildPhase;
			buildActionMask = 2147483647;
			files = (
				152FA06A246B368D0082D8DE /* AppDelegate.swift in Sources */,
				152FA06C246B368E0082D8DE /* SceneDelegate.swift in Sources */,
				152FA06E246B368E0082D8DE /* ContentView.swift in Sources */,
				152FA09D246CC23B0082D8DE /* Chapter.swift in Sources */,
			);
			runOnlyForDeploymentPostprocessing = 0;
		};
		152FA078246B36920082D8DE /* Sources */ = {
			isa = PBXSourcesBuildPhase;
			buildActionMask = 2147483647;
			files = (
			);
			runOnlyForDeploymentPostprocessing = 0;
		};
		152FA083246B36920082D8DE /* Sources */ = {
			isa = PBXSourcesBuildPhase;
			buildActionMask = 2147483647;
			files = (
			);
			runOnlyForDeploymentPostprocessing = 0;
		};
/* End PBXSourcesBuildPhase section */

/* Begin PBXTargetDependency section */
		152FA07E246B36920082D8DE /* PBXTargetDependency */ = {
			isa = PBXTargetDependency;
			target = 152FA065246B368D0082D8DE /* SwiftCamera */;
			targetProxy = 152FA07D246B36920082D8DE /* PBXContainerItemProxy */;
		};
		152FA089246B36920082D8DE /* PBXTargetDependency */ = {
			isa = PBXTargetDependency;
			target = 152FA065246B368D0082D8DE /* SwiftCamera */;
			targetProxy = 152FA088246B36920082D8DE /* PBXContainerItemProxy */;
		};
/* End PBXTargetDependency section */

/* Begin PBXVariantGroup section */
		152FA074246B36920082D8DE /* LaunchScreen.storyboard */ = {
			isa = PBXVariantGroup;
			children = (
				152FA075246B36920082D8DE /* Base */,
			);
			name = LaunchScreen.storyboard;
			sourceTree = "<group>";
		};
/* End PBXVariantGroup section */

/* Begin XCBuildConfiguration section */
		152FA08E246B36920082D8DE /* Debug */ = {
			isa = XCBuildConfiguration;
			buildSettings = {
				ALWAYS_SEARCH_USER_PATHS = NO;
				CLANG_ANALYZER_NONNULL = YES;
				CLANG_ANALYZER_NUMBER_OBJECT_CONVERSION = YES_AGGRESSIVE;
				CLANG_CXX_LANGUAGE_STANDARD = "gnu++14";
				CLANG_CXX_LIBRARY = "libc++";
				CLANG_ENABLE_MODULES = YES;
				CLANG_ENABLE_OBJC_ARC = YES;
				CLANG_ENABLE_OBJC_WEAK = YES;
				CLANG_WARN_BLOCK_CAPTURE_AUTORELEASING = YES;
				CLANG_WARN_BOOL_CONVERSION = YES;
				CLANG_WARN_COMMA = YES;
				CLANG_WARN_CONSTANT_CONVERSION = YES;
				CLANG_WARN_DEPRECATED_OBJC_IMPLEMENTATIONS = YES;
				CLANG_WARN_DIRECT_OBJC_ISA_USAGE = YES_ERROR;
				CLANG_WARN_DOCUMENTATION_COMMENTS = YES;
				CLANG_WARN_EMPTY_BODY = YES;
				CLANG_WARN_ENUM_CONVERSION = YES;
				CLANG_WARN_INFINITE_RECURSION = YES;
				CLANG_WARN_INT_CONVERSION = YES;
				CLANG_WARN_NON_LITERAL_NULL_CONVERSION = YES;
				CLANG_WARN_OBJC_IMPLICIT_RETAIN_SELF = YES;
				CLANG_WARN_OBJC_LITERAL_CONVERSION = YES;
				CLANG_WARN_OBJC_ROOT_CLASS = YES_ERROR;
				CLANG_WARN_RANGE_LOOP_ANALYSIS = YES;
				CLANG_WARN_STRICT_PROTOTYPES = YES;
				CLANG_WARN_SUSPICIOUS_MOVE = YES;
				CLANG_WARN_UNGUARDED_AVAILABILITY = YES_AGGRESSIVE;
				CLANG_WARN_UNREACHABLE_CODE = YES;
				CLANG_WARN__DUPLICATE_METHOD_MATCH = YES;
				COPY_PHASE_STRIP = NO;
				DEBUG_INFORMATION_FORMAT = dwarf;
				ENABLE_STRICT_OBJC_MSGSEND = YES;
				ENABLE_TESTABILITY = YES;
				GCC_C_LANGUAGE_STANDARD = gnu11;
				GCC_DYNAMIC_NO_PIC = NO;
				GCC_NO_COMMON_BLOCKS = YES;
				GCC_OPTIMIZATION_LEVEL = 0;
				GCC_PREPROCESSOR_DEFINITIONS = (
					"DEBUG=1",
					"$(inherited)",
				);
				GCC_WARN_64_TO_32_BIT_CONVERSION = YES;
				GCC_WARN_ABOUT_RETURN_TYPE = YES_ERROR;
				GCC_WARN_UNDECLARED_SELECTOR = YES;
				GCC_WARN_UNINITIALIZED_AUTOS = YES_AGGRESSIVE;
				GCC_WARN_UNUSED_FUNCTION = YES;
				GCC_WARN_UNUSED_VARIABLE = YES;
				IPHONEOS_DEPLOYMENT_TARGET = 13.4;
				MTL_ENABLE_DEBUG_INFO = INCLUDE_SOURCE;
				MTL_FAST_MATH = YES;
				ONLY_ACTIVE_ARCH = YES;
				SDKROOT = iphoneos;
				SWIFT_ACTIVE_COMPILATION_CONDITIONS = DEBUG;
				SWIFT_OPTIMIZATION_LEVEL = "-Onone";
			};
			name = Debug;
		};
		152FA08F246B36920082D8DE /* Release */ = {
			isa = XCBuildConfiguration;
			buildSettings = {
				ALWAYS_SEARCH_USER_PATHS = NO;
				CLANG_ANALYZER_NONNULL = YES;
				CLANG_ANALYZER_NUMBER_OBJECT_CONVERSION = YES_AGGRESSIVE;
				CLANG_CXX_LANGUAGE_STANDARD = "gnu++14";
				CLANG_CXX_LIBRARY = "libc++";
				CLANG_ENABLE_MODULES = YES;
				CLANG_ENABLE_OBJC_ARC = YES;
				CLANG_ENABLE_OBJC_WEAK = YES;
				CLANG_WARN_BLOCK_CAPTURE_AUTORELEASING = YES;
				CLANG_WARN_BOOL_CONVERSION = YES;
				CLANG_WARN_COMMA = YES;
				CLANG_WARN_CONSTANT_CONVERSION = YES;
				CLANG_WARN_DEPRECATED_OBJC_IMPLEMENTATIONS = YES;
				CLANG_WARN_DIRECT_OBJC_ISA_USAGE = YES_ERROR;
				CLANG_WARN_DOCUMENTATION_COMMENTS = YES;
				CLANG_WARN_EMPTY_BODY = YES;
				CLANG_WARN_ENUM_CONVERSION = YES;
				CLANG_WARN_INFINITE_RECURSION = YES;
				CLANG_WARN_INT_CONVERSION = YES;
				CLANG_WARN_NON_LITERAL_NULL_CONVERSION = YES;
				CLANG_WARN_OBJC_IMPLICIT_RETAIN_SELF = YES;
				CLANG_WARN_OBJC_LITERAL_CONVERSION = YES;
				CLANG_WARN_OBJC_ROOT_CLASS = YES_ERROR;
				CLANG_WARN_RANGE_LOOP_ANALYSIS = YES;
				CLANG_WARN_STRICT_PROTOTYPES = YES;
				CLANG_WARN_SUSPICIOUS_MOVE = YES;
				CLANG_WARN_UNGUARDED_AVAILABILITY = YES_AGGRESSIVE;
				CLANG_WARN_UNREACHABLE_CODE = YES;
				CLANG_WARN__DUPLICATE_METHOD_MATCH = YES;
				COPY_PHASE_STRIP = NO;
				DEBUG_INFORMATION_FORMAT = "dwarf-with-dsym";
				ENABLE_NS_ASSERTIONS = NO;
				ENABLE_STRICT_OBJC_MSGSEND = YES;
				GCC_C_LANGUAGE_STANDARD = gnu11;
				GCC_NO_COMMON_BLOCKS = YES;
				GCC_WARN_64_TO_32_BIT_CONVERSION = YES;
				GCC_WARN_ABOUT_RETURN_TYPE = YES_ERROR;
				GCC_WARN_UNDECLARED_SELECTOR = YES;
				GCC_WARN_UNINITIALIZED_AUTOS = YES_AGGRESSIVE;
				GCC_WARN_UNUSED_FUNCTION = YES;
				GCC_WARN_UNUSED_VARIABLE = YES;
				IPHONEOS_DEPLOYMENT_TARGET = 13.4;
				MTL_ENABLE_DEBUG_INFO = NO;
				MTL_FAST_MATH = YES;
				SDKROOT = iphoneos;
				SWIFT_COMPILATION_MODE = wholemodule;
				SWIFT_OPTIMIZATION_LEVEL = "-O";
				VALIDATE_PRODUCT = YES;
			};
			name = Release;
		};
		152FA091246B36920082D8DE /* Debug */ = {
			isa = XCBuildConfiguration;
			buildSettings = {
				ASSETCATALOG_COMPILER_APPICON_NAME = AppIcon;
				CODE_SIGN_STYLE = Automatic;
				DEVELOPMENT_ASSET_PATHS = "\"SwiftCamera/Preview Content\"";
				ENABLE_PREVIEWS = YES;
				INFOPLIST_FILE = SwiftCamera/Info.plist;
				LD_RUNPATH_SEARCH_PATHS = (
					"$(inherited)",
					"@executable_path/Frameworks",
				);
				PRODUCT_BUNDLE_IDENTIFIER = julia.SwiftCamera;
				PRODUCT_NAME = "$(TARGET_NAME)";
				SWIFT_VERSION = 5.0;
				TARGETED_DEVICE_FAMILY = "1,2";
			};
			name = Debug;
		};
		152FA092246B36920082D8DE /* Release */ = {
			isa = XCBuildConfiguration;
			buildSettings = {
				ASSETCATALOG_COMPILER_APPICON_NAME = AppIcon;
				CODE_SIGN_STYLE = Automatic;
				DEVELOPMENT_ASSET_PATHS = "\"SwiftCamera/Preview Content\"";
				ENABLE_PREVIEWS = YES;
				INFOPLIST_FILE = SwiftCamera/Info.plist;
				LD_RUNPATH_SEARCH_PATHS = (
					"$(inherited)",
					"@executable_path/Frameworks",
				);
				PRODUCT_BUNDLE_IDENTIFIER = julia.SwiftCamera;
				PRODUCT_NAME = "$(TARGET_NAME)";
				SWIFT_VERSION = 5.0;
				TARGETED_DEVICE_FAMILY = "1,2";
			};
			name = Release;
		};
		152FA094246B36920082D8DE /* Debug */ = {
			isa = XCBuildConfiguration;
			buildSettings = {
				ALWAYS_EMBED_SWIFT_STANDARD_LIBRARIES = YES;
				BUNDLE_LOADER = "$(TEST_HOST)";
				CODE_SIGN_STYLE = Automatic;
				INFOPLIST_FILE = SwiftCameraTests/Info.plist;
				IPHONEOS_DEPLOYMENT_TARGET = 13.4;
				LD_RUNPATH_SEARCH_PATHS = (
					"$(inherited)",
					"@executable_path/Frameworks",
					"@loader_path/Frameworks",
				);
				PRODUCT_BUNDLE_IDENTIFIER = julia.SwiftCameraTests;
				PRODUCT_NAME = "$(TARGET_NAME)";
				SWIFT_VERSION = 5.0;
				TARGETED_DEVICE_FAMILY = "1,2";
				TEST_HOST = "$(BUILT_PRODUCTS_DIR)/SwiftCamera.app/SwiftCamera";
			};
			name = Debug;
		};
		152FA095246B36920082D8DE /* Release */ = {
			isa = XCBuildConfiguration;
			buildSettings = {
				ALWAYS_EMBED_SWIFT_STANDARD_LIBRARIES = YES;
				BUNDLE_LOADER = "$(TEST_HOST)";
				CODE_SIGN_STYLE = Automatic;
				INFOPLIST_FILE = SwiftCameraTests/Info.plist;
				IPHONEOS_DEPLOYMENT_TARGET = 13.4;
				LD_RUNPATH_SEARCH_PATHS = (
					"$(inherited)",
					"@executable_path/Frameworks",
					"@loader_path/Frameworks",
				);
				PRODUCT_BUNDLE_IDENTIFIER = julia.SwiftCameraTests;
				PRODUCT_NAME = "$(TARGET_NAME)";
				SWIFT_VERSION = 5.0;
				TARGETED_DEVICE_FAMILY = "1,2";
				TEST_HOST = "$(BUILT_PRODUCTS_DIR)/SwiftCamera.app/SwiftCamera";
			};
			name = Release;
		};
		152FA097246B36920082D8DE /* Debug */ = {
			isa = XCBuildConfiguration;
			buildSettings = {
				ALWAYS_EMBED_SWIFT_STANDARD_LIBRARIES = YES;
				CODE_SIGN_STYLE = Automatic;
				INFOPLIST_FILE = SwiftCameraUITests/Info.plist;
				LD_RUNPATH_SEARCH_PATHS = (
					"$(inherited)",
					"@executable_path/Frameworks",
					"@loader_path/Frameworks",
				);
				PRODUCT_BUNDLE_IDENTIFIER = julia.SwiftCameraUITests;
				PRODUCT_NAME = "$(TARGET_NAME)";
				SWIFT_VERSION = 5.0;
				TARGETED_DEVICE_FAMILY = "1,2";
				TEST_TARGET_NAME = SwiftCamera;
			};
			name = Debug;
		};
		152FA098246B36920082D8DE /* Release */ = {
			isa = XCBuildConfiguration;
			buildSettings = {
				ALWAYS_EMBED_SWIFT_STANDARD_LIBRARIES = YES;
				CODE_SIGN_STYLE = Automatic;
				INFOPLIST_FILE = SwiftCameraUITests/Info.plist;
				LD_RUNPATH_SEARCH_PATHS = (
					"$(inherited)",
					"@executable_path/Frameworks",
					"@loader_path/Frameworks",
				);
				PRODUCT_BUNDLE_IDENTIFIER = julia.SwiftCameraUITests;
				PRODUCT_NAME = "$(TARGET_NAME)";
				SWIFT_VERSION = 5.0;
				TARGETED_DEVICE_FAMILY = "1,2";
				TEST_TARGET_NAME = SwiftCamera;
			};
			name = Release;
		};
/* End XCBuildConfiguration section */

/* Begin XCConfigurationList section */
		152FA061246B368D0082D8DE /* Build configuration list for PBXProject "SwiftCamera" */ = {
			isa = XCConfigurationList;
			buildConfigurations = (
				152FA08E246B36920082D8DE /* Debug */,
				152FA08F246B36920082D8DE /* Release */,
			);
			defaultConfigurationIsVisible = 0;
			defaultConfigurationName = Release;
		};
		152FA090246B36920082D8DE /* Build configuration list for PBXNativeTarget "SwiftCamera" */ = {
			isa = XCConfigurationList;
			buildConfigurations = (
				152FA091246B36920082D8DE /* Debug */,
				152FA092246B36920082D8DE /* Release */,
			);
			defaultConfigurationIsVisible = 0;
			defaultConfigurationName = Release;
		};
		152FA093246B36920082D8DE /* Build configuration list for PBXNativeTarget "SwiftCameraTests" */ = {
			isa = XCConfigurationList;
			buildConfigurations = (
				152FA094246B36920082D8DE /* Debug */,
				152FA095246B36920082D8DE /* Release */,
			);
			defaultConfigurationIsVisible = 0;
			defaultConfigurationName = Release;
		};
		152FA096246B36920082D8DE /* Build configuration list for PBXNativeTarget "SwiftCameraUITests" */ = {
			isa = XCConfigurationList;
			buildConfigurations = (
				152FA097246B36920082D8DE /* Debug */,
				152FA098246B36920082D8DE /* Release */,
			);
			defaultConfigurationIsVisible = 0;
			defaultConfigurationName = Release;
		};
/* End XCConfigurationList section */
	};
	rootObject = 152FA05E246B368D0082D8DE /* Project object */;
}
